github.com/klauspost/compress v1.19.0 h1:sXLILfc9jV2QYWkzFOPWStmcUVH2RHEB1JCdY2oVvCQ=
github.com/klauspost/compress v1.19.0/go.mod h1:cwPg85FWrGar70rWktvGQj8/hthj3wpl0PGDogxkrSQ=
github.com/mtgo-labs/mtgo v0.14.3 h1:uawxfybi2vauhmE+nFPRMpcko5oke8nOMxPb3gxvWro=
github.com/mtgo-labs/mtgo v0.14.3/go.mod h1:YcGcTRzDQVeFqahfa5c5L6/pCxjTPMnblDTwRI/pKes=
