github.com/klauspost/compress v1.19.0 h1:sXLILfc9jV2QYWkzFOPWStmcUVH2RHEB1JCdY2oVvCQ=
github.com/klauspost/compress v1.19.0/go.mod h1:cwPg85FWrGar70rWktvGQj8/hthj3wpl0PGDogxkrSQ=
github.com/mtgo-labs/mtgo v0.13.0 h1:2OdQ/GTMj+RHuAIjmerKw4bj7jhzezHp1sfjlBRI0wA=
github.com/mtgo-labs/mtgo v0.13.0/go.mod h1:S2KSfF6wfI3tiZguK4qR4vPzFFFIGnoL/EmtQURZavs=
